
Microsoft Visual Studio Solution File, Format Version 12.00
Project("{FAE04EC0-301F-11D3-BF4B-00C04F79EFBC}") = "WseiLabs", "WseiLabs\WseiLabs.csproj", "{3EE94F25-ADE0-44C8-B435-5DC4B7590960}"
EndProject
Global
	GlobalSection(SolutionConfigurationPlatforms) = preSolution
		Debug|Any CPU = Debug|Any CPU
		Release|Any CPU = Release|Any CPU
	EndGlobalSection
	GlobalSection(ProjectConfigurationPlatforms) = postSolution
		{3EE94F25-ADE0-44C8-B435-5DC4B7590960}.Debug|Any CPU.ActiveCfg = Debug|Any CPU
		{3EE94F25-ADE0-44C8-B435-5DC4B7590960}.Debug|Any CPU.Build.0 = Debug|Any CPU
		{3EE94F25-ADE0-44C8-B435-5DC4B7590960}.Release|Any CPU.ActiveCfg = Release|Any CPU
		{3EE94F25-ADE0-44C8-B435-5DC4B7590960}.Release|Any CPU.Build.0 = Release|Any CPU
	EndGlobalSection
EndGlobal
